
Microsoft Visual Studio Solution File, Format Version 12.00
# Visual Studio Version 17
VisualStudioVersion = 17.9.34607.119
MinimumVisualStudioVersion = 10.0.40219.1
Project("{9A19103F-16F7-4668-BE54-9A1E7A4F7556}") = "NetDaemonApps", "NetDaemonApps\NetDaemonApps.csproj", "{62E60160-7B16-4E61-8334-5D7E20BCC4BC}"
EndProject
Project("{9A19103F-16F7-4668-BE54-9A1E7A4F7556}") = "NetDaemonApps.Test", "NetDaemonApps.Test\NetDaemonApps.Test.csproj", "{CB389195-43AD-4CF9-AB24-E83FC3605F4D}"
EndProject
Global
	GlobalSection(SolutionConfigurationPlatforms) = preSolution
		Debug|Any CPU = Debug|Any CPU
		Release|Any CPU = Release|Any CPU
	EndGlobalSection
	GlobalSection(ProjectConfigurationPlatforms) = postSolution
		{62E60160-7B16-4E61-8334-5D7E20BCC4BC}.Debug|Any CPU.ActiveCfg = Debug|Any CPU
		{62E60160-7B16-4E61-8334-5D7E20BCC4BC}.Debug|Any CPU.Build.0 = Debug|Any CPU
		{62E60160-7B16-4E61-8334-5D7E20BCC4BC}.Release|Any CPU.ActiveCfg = Release|Any CPU
		{62E60160-7B16-4E61-8334-5D7E20BCC4BC}.Release|Any CPU.Build.0 = Release|Any CPU
		{CB389195-43AD-4CF9-AB24-E83FC3605F4D}.Debug|Any CPU.ActiveCfg = Debug|Any CPU
		{CB389195-43AD-4CF9-AB24-E83FC3605F4D}.Debug|Any CPU.Build.0 = Debug|Any CPU
		{CB389195-43AD-4CF9-AB24-E83FC3605F4D}.Release|Any CPU.ActiveCfg = Release|Any CPU
		{CB389195-43AD-4CF9-AB24-E83FC3605F4D}.Release|Any CPU.Build.0 = Release|Any CPU
	EndGlobalSection
	GlobalSection(SolutionProperties) = preSolution
		HideSolutionNode = FALSE
	EndGlobalSection
	GlobalSection(ExtensibilityGlobals) = postSolution
		SolutionGuid = {E142AA4C-2976-4EE2-BFC2-8D521B075869}
	EndGlobalSection
EndGlobal
